github.com/davecgh/go-spew v1.1.2-0.20180830191138-d8f796af33cc h1:U9qPSI2PIWSS1VwoXQT9A3Wy9MM3WgvqSxFWenqJduM=
github.com/davecgh/go-spew v1.1.2-0.20180830191138-d8f796af33cc/go.mod h1:J7Y8YcW2NihsgmVo/mv3lAwl/skON4iLHjSsI+c5H38=
github.com/gofrs/uuid v4.4.0+incompatible h1:3qXRTX8/NbyulANqlc0lchS1gqAVxRgsuW1YrTJupqA=
github.com/gofrs/uuid v4.4.0+incompatible/go.mod h1:b2aQJv3Z4Fp6yNu3cdSllBxTCLRxnplIgP/c0N/04lM=
github.com/google/go-cmp v0.5.5 h1:Khx7svrCpmxxtHBq5j2mp/xVjsi8hQMfNLvJFAlrGgU=
github.com/google/go-cmp v0.5.5/go.mod h1:v8dTdLbMG2kIc/vJvl+f65V22dbkXbowE6jgT/gNBxE=
github.com/mitchellh/copystructure v1.2.0 h1:vpKXTN4ewci03Vljg/q9QvCGUDttBOGBIa15WveJJGw=
github.com/mitchellh/copystructure v1.2.0/go.mod h1:qLl+cE2AmVv+CoeAwDPye/v+N2HKCj9FbZEVFJRxO9s=
github.com/mitchellh/reflectwalk v1.0.2 h1:G2LzWKi524PWgd3mLHV8Y5k7s6XUvT0Gef6zxSIeXaQ=
github.com/mitchellh/reflectwalk v1.0.2/go.mod h1:mSTlrgnPZtwu0c4WaC2kGObEpuNDbx0jmZXqmk4esnw=
github.com/pkg/errors v0.9.1 h1:FEBLx1zS214owpjy7qsBeixbURkuhQAwrK5UwLGTwt4=
github.com/pkg/errors v0.9.1/go.mod h1:bwawxfHBFNV+L2hUp1rHADufV3IMtnDRdf1r5NINEl0=
github.com/pmezard/go-difflib v1.0.1-0.20181226105442-5d4384ee4fb2 h1:Jamvg5psRIccs7FGNTlIRMkT8wgtp5eCXdBlqhYGL6U=
github.com/pmezard/go-difflib v1.0.1-0.20181226105442-5d4384ee4fb2/go.mod h1:iKH77koFhYxTK1pcRnkKkqfTogsbg7gZNVY4sRDYZ/4=
github.com/stretchr/testify v1.10.0 h1:Xv5erBjTwe/5IxqUQTdXv5kgmIvbHo3QQyRwhJsOfJA=
github.com/stretchr/testify v1.10.0/go.mod h1:r2ic/lqez/lEtzL7wO/rwa5dbSLXVDPFyf8C91i36aY=
go.ytsaurus.tech/library/go/core/xerrors v0.0.4 h1:KDZdCGiS/Lg641TIA3s8JCg7ZgxAvtFITTeG3Kb+SoE=
go.ytsaurus.tech/library/go/core/xerrors v0.0.4/go.mod h1:yvvvhXFbVLe1FwrgH3RY031EjKmvykQuOw+E9x1eZ5Q=
go.ytsaurus.tech/library/go/ptr v0.0.2 h1:F2lr3y0XuMweTKjBMibcV/FBsEyvNw293FAc+flNXZ4=
go.ytsaurus.tech/library/go/ptr v0.0.2/go.mod h1:odjQyXyWpalatk+n531jccD3On2JvxURA6ns4/GbBYI=
go.ytsaurus.tech/library/go/test/testhelpers v0.0.2 h1:/nQfk7pxzhBquqAYL9JC6YEXa3Nar//nopujuZd6HZU=
go.ytsaurus.tech/library/go/test/testhelpers v0.0.2/go.mod h1:rbrp2Msak/g6XfEYjdQjwFpg9yF9ZztLuYyDkkSIdfc=
go.ytsaurus.tech/library/go/x/xreflect v0.0.3 h1:LCOjVDGKjKMTaFtn+iudhPAdvcjeJSXxvfvDigzdgs0=
go.ytsaurus.tech/library/go/x/xreflect v0.0.3/go.mod h1:D57na+z+EjaRuBo+nxgq6KPw5wfdHtO50MdcwBAzhq0=
go.ytsaurus.tech/library/go/x/xruntime v0.0.4 h1:VNstd2dkPZEN6nsJ3C+q/fVc4b2hajQ6ZYBS7+k7aBg=
go.ytsaurus.tech/library/go/x/xruntime v0.0.4/go.mod h1:fS4AUByc8QIHG06qxEjXYYs8B41eDh+yo2Q1Pk+msoA=
go.ytsaurus.tech/yt/go v0.0.33 h1:ARpengm/aO5/ZBsSKfbJNK0HlsNBk7k0tjvwSrhztPQ=
go.ytsaurus.tech/yt/go v0.0.33/go.mod h1:S57nOk+QNqKzW4Mp55GSwyRLz/Ns7IS+PXdracMruzs=
golang.org/x/xerrors v0.0.0-20240903120638-7835f813f4da h1:noIWHXmPHxILtqtCOPIhSt0ABwskkZKjD3bXGnZGpNY=
golang.org/x/xerrors v0.0.0-20240903120638-7835f813f4da/go.mod h1:NDW/Ps6MPRej6fsCIbMTohpP40sJ/P/vI1MoTEGwX90=
google.golang.org/protobuf v1.36.8 h1:xHScyCOEuuwZEc6UtSOvPbAT4zRh0xcNRYekJwfqyMc=
google.golang.org/protobuf v1.36.8/go.mod h1:fuxRtAxBytpl4zzqUh6/eyUujkJdNiuEkXntxiD/uRU=
gopkg.in/yaml.v3 v3.0.1 h1:fxVm/GzAzEWqLHuvctI91KS9hhNmmWOoWu0XTYJS7CA=
gopkg.in/yaml.v3 v3.0.1/go.mod h1:K4uyk7z7BCEPqu6E+C64Yfv1cQ7kz7rIZviUmN+EgEM=
